{
  "requires": true,
  "lockfileVersion": 1,
  "dependencies": {
    "docker-compose": {
      "version": "0.23.3",
      "resolved": "https://registry.npmjs.org/docker-compose/-/docker-compose-0.23.3.tgz",
      "integrity": "sha512-qSL1LVQPz8Xf9EChO6GRoEiDbgfWSwsrQeZWepyXbfxjG2QVKJ/V3+3sFID+KpSwPZIW0jVldkSEGY5ACuuqDw=="
    }
  }
}
